
Microsoft Visual Studio Solution File, Format Version 12.00
# Visual Studio 15
VisualStudioVersion = 15.0.26403.7
MinimumVisualStudioVersion = 10.0.40219.1
Project("{FAE04EC0-301F-11D3-BF4B-00C04F79EFBC}") = "TechDispatch", "TechDispatch\TechDispatch.csproj", "{E810170A-74DB-4A33-BA5B-74B12158085B}"
EndProject
Project("{FAE04EC0-301F-11D3-BF4B-00C04F79EFBC}") = "TechDispatch.Tests", "TechDispatch.Tests\TechDispatch.Tests.csproj", "{8FF949DB-FB52-4751-B0B8-CC91B852CEC9}"
EndProject
Global
	GlobalSection(SolutionConfigurationPlatforms) = preSolution
		Debug|Any CPU = Debug|Any CPU
		Release|Any CPU = Release|Any CPU
	EndGlobalSection
	GlobalSection(ProjectConfigurationPlatforms) = postSolution
		{E810170A-74DB-4A33-BA5B-74B12158085B}.Debug|Any CPU.ActiveCfg = Debug|Any CPU
		{E810170A-74DB-4A33-BA5B-74B12158085B}.Debug|Any CPU.Build.0 = Debug|Any CPU
		{E810170A-74DB-4A33-BA5B-74B12158085B}.Release|Any CPU.ActiveCfg = Release|Any CPU
		{E810170A-74DB-4A33-BA5B-74B12158085B}.Release|Any CPU.Build.0 = Release|Any CPU
		{8FF949DB-FB52-4751-B0B8-CC91B852CEC9}.Debug|Any CPU.ActiveCfg = Debug|Any CPU
		{8FF949DB-FB52-4751-B0B8-CC91B852CEC9}.Debug|Any CPU.Build.0 = Debug|Any CPU
		{8FF949DB-FB52-4751-B0B8-CC91B852CEC9}.Release|Any CPU.ActiveCfg = Release|Any CPU
		{8FF949DB-FB52-4751-B0B8-CC91B852CEC9}.Release|Any CPU.Build.0 = Release|Any CPU
	EndGlobalSection
	GlobalSection(SolutionProperties) = preSolution
		HideSolutionNode = FALSE
	EndGlobalSection
EndGlobal
